// !$*UTF8*$!
{
	archiveVersion = 1;
	classes = {
	};
	objectVersion = 56;
	objects = {

/* Begin PBXBuildFile section */
		998B01AC29B1C68900DC9D52 /* AppDelegate.m in Sources */ = {isa = PBXBuildFile; fileRef = 998B01AB29B1C68900DC9D52 /* AppDelegate.m */; };
		998B01AF29B1C68900DC9D52 /* SceneDelegate.m in Sources */ = {isa = PBXBuildFile; fileRef = 998B01AE29B1C68900DC9D52 /* SceneDelegate.m */; };
		998B01B229B1C68900DC9D52 /* ViewController.m in Sources */ = {isa = PBXBuildFile; fileRef = 998B01B129B1C68900DC9D52 /* ViewController.m */; };
		998B01B529B1C68900DC9D52 /* Main.storyboard in Resources */ = {isa = PBXBuildFile; fileRef = 998B01B329B1C68900DC9D52 /* Main.storyboard */; };
		998B01B729B1C68C00DC9D52 /* Assets.xcassets in Resources */ = {isa = PBXBuildFile; fileRef = 998B01B629B1C68C00DC9D52 /* Assets.xcassets */; };
		998B01BA29B1C68C00DC9D52 /* LaunchScreen.storyboard in Resources */ = {isa = PBXBuildFile; fileRef = 998B01B829B1C68C00DC9D52 /* LaunchScreen.storyboard */; };
		998B01BD29B1C68C00DC9D52 /* main.m in Sources */ = {isa = PBXBuildFile; fileRef = 998B01BC29B1C68C00DC9D52 /* main.m */; };
		998B01C729B1C68D00DC9D52 /* gittestTests.m in Sources */ = {isa = PBXBuildFile; fileRef = 998B01C629B1C68D00DC9D52 /* gittestTests.m */; };
		998B01D129B1C68D00DC9D52 /* gittestUITests.m in Sources */ = {isa = PBXBuildFile; fileRef = 998B01D029B1C68D00DC9D52 /* gittestUITests.m */; };
		998B01D329B1C68D00DC9D52 /* gittestUITestsLaunchTests.m in Sources */ = {isa = PBXBuildFile; fileRef = 998B01D229B1C68D00DC9D52 /* gittestUITestsLaunchTests.m */; };
/* End PBXBuildFile section */

/* Begin PBXContainerItemProxy section */
		998B01C329B1C68D00DC9D52 /* PBXContainerItemProxy */ = {
			isa = PBXContainerItemProxy;
			containerPortal = 998B019F29B1C68900DC9D52 /* Project object */;
			proxyType = 1;
			remoteGlobalIDString = 998B01A629B1C68900DC9D52;
			remoteInfo = gittest;
		};
		998B01CD29B1C68D00DC9D52 /* PBXContainerItemProxy */ = {
			isa = PBXContainerItemProxy;
			containerPortal = 998B019F29B1C68900DC9D52 /* Project object */;
			proxyType = 1;
			remoteGlobalIDString = 998B01A629B1C68900DC9D52;
			remoteInfo = gittest;
		};
/* End PBXContainerItemProxy section */

/* Begin PBXFileReference section */
		998B01A729B1C68900DC9D52 /* gittest.app */ = {isa = PBXFileReference; explicitFileType = wrapper.application; includeInIndex = 0; path = gittest.app; sourceTree = BUILT_PRODUCTS_DIR; };
		998B01AA29B1C68900DC9D52 /* AppDelegate.h */ = {isa = PBXFileReference; lastKnownFileType = sourcecode.c.h; path = AppDelegate.h; sourceTree = "<group>"; };
		998B01AB29B1C68900DC9D52 /* AppDelegate.m */ = {isa = PBXFileReference; lastKnownFileType = sourcecode.c.objc; path = AppDelegate.m; sourceTree = "<group>"; };
		998B01AD29B1C68900DC9D52 /* SceneDelegate.h */ = {isa = PBXFileReference; lastKnownFileType = sourcecode.c.h; path = SceneDelegate.h; sourceTree = "<group>"; };
		998B01AE29B1C68900DC9D52 /* SceneDelegate.m */ = {isa = PBXFileReference; lastKnownFileType = sourcecode.c.objc; path = SceneDelegate.m; sourceTree = "<group>"; };
		998B01B029B1C68900DC9D52 /* ViewController.h */ = {isa = PBXFileReference; lastKnownFileType = sourcecode.c.h; path = ViewController.h; sourceTree = "<group>"; };
		998B01B129B1C68900DC9D52 /* ViewController.m */ = {isa = PBXFileReference; lastKnownFileType = sourcecode.c.objc; path = ViewController.m; sourceTree = "<group>"; };
		998B01B429B1C68900DC9D52 /* Base */ = {isa = PBXFileReference; lastKnownFileType = file.storyboard; name = Base; path = Base.lproj/Main.storyboard; sourceTree = "<group>"; };
		998B01B629B1C68C00DC9D52 /* Assets.xcassets */ = {isa = PBXFileReference; lastKnownFileType = folder.assetcatalog; path = Assets.xcassets; sourceTree = "<group>"; };
		998B01B929B1C68C00DC9D52 /* Base */ = {isa = PBXFileReference; lastKnownFileType = file.storyboard; name = Base; path = Base.lproj/LaunchScreen.storyboard; sourceTree = "<group>"; };
		998B01BB29B1C68C00DC9D52 /* Info.plist */ = {isa = PBXFileReference; lastKnownFileType = text.plist.xml; path = Info.plist; sourceTree = "<group>"; };
		998B01BC29B1C68C00DC9D52 /* main.m */ = {isa = PBXFileReference; lastKnownFileType = sourcecode.c.objc; path = main.m; sourceTree = "<group>"; };
		998B01C229B1C68D00DC9D52 /* gittestTests.xctest */ = {isa = PBXFileReference; explicitFileType = wrapper.cfbundle; includeInIndex = 0; path = gittestTests.xctest; sourceTree = BUILT_PRODUCTS_DIR; };
		998B01C629B1C68D00DC9D52 /* gittestTests.m */ = {isa = PBXFileReference; lastKnownFileType = sourcecode.c.objc; path = gittestTests.m; sourceTree = "<group>"; };
		998B01CC29B1C68D00DC9D52 /* gittestUITests.xctest */ = {isa = PBXFileReference; explicitFileType = wrapper.cfbundle; includeInIndex = 0; path = gittestUITests.xctest; sourceTree = BUILT_PRODUCTS_DIR; };
		998B01D029B1C68D00DC9D52 /* gittestUITests.m */ = {isa = PBXFileReference; lastKnownFileType = sourcecode.c.objc; path = gittestUITests.m; sourceTree = "<group>"; };
		998B01D229B1C68D00DC9D52 /* gittestUITestsLaunchTests.m */ = {isa = PBXFileReference; lastKnownFileType = sourcecode.c.objc; path = gittestUITestsLaunchTests.m; sourceTree = "<group>"; };
/* End PBXFileReference section */

/* Begin PBXFrameworksBuildPhase section */
		998B01A429B1C68900DC9D52 /* Frameworks */ = {
			isa = PBXFrameworksBuildPhase;
			buildActionMask = 2147483647;
			files = (
			);
			runOnlyForDeploymentPostprocessing = 0;
		};
		998B01BF29B1C68D00DC9D52 /* Frameworks */ = {
			isa = PBXFrameworksBuildPhase;
			buildActionMask = 2147483647;
			files = (
			);
			runOnlyForDeploymentPostprocessing = 0;
		};
		998B01C929B1C68D00DC9D52 /* Frameworks */ = {
			isa = PBXFrameworksBuildPhase;
			buildActionMask = 2147483647;
			files = (
			);
			runOnlyForDeploymentPostprocessing = 0;
		};
/* End PBXFrameworksBuildPhase section */

/* Begin PBXGroup section */
		998B019E29B1C68900DC9D52 = {
			isa = PBXGroup;
			children = (
				998B01A929B1C68900DC9D52 /* gittest */,
				998B01C529B1C68D00DC9D52 /* gittestTests */,
				998B01CF29B1C68D00DC9D52 /* gittestUITests */,
				998B01A829B1C68900DC9D52 /* Products */,
			);
			sourceTree = "<group>";
		};
		998B01A829B1C68900DC9D52 /* Products */ = {
			isa = PBXGroup;
			children = (
				998B01A729B1C68900DC9D52 /* gittest.app */,
				998B01C229B1C68D00DC9D52 /* gittestTests.xctest */,
				998B01CC29B1C68D00DC9D52 /* gittestUITests.xctest */,
			);
			name = Products;
			sourceTree = "<group>";
		};
		998B01A929B1C68900DC9D52 /* gittest */ = {
			isa = PBXGroup;
			children = (
				998B01AA29B1C68900DC9D52 /* AppDelegate.h */,
				998B01AB29B1C68900DC9D52 /* AppDelegate.m */,
				998B01AD29B1C68900DC9D52 /* SceneDelegate.h */,
				998B01AE29B1C68900DC9D52 /* SceneDelegate.m */,
				998B01B029B1C68900DC9D52 /* ViewController.h */,
				998B01B129B1C68900DC9D52 /* ViewController.m */,
				998B01B329B1C68900DC9D52 /* Main.storyboard */,
				998B01B629B1C68C00DC9D52 /* Assets.xcassets */,
				998B01B829B1C68C00DC9D52 /* LaunchScreen.storyboard */,
				998B01BB29B1C68C00DC9D52 /* Info.plist */,
				998B01BC29B1C68C00DC9D52 /* main.m */,
			);
			path = gittest;
			sourceTree = "<group>";
		};
		998B01C529B1C68D00DC9D52 /* gittestTests */ = {
			isa = PBXGroup;
			children = (
				998B01C629B1C68D00DC9D52 /* gittestTests.m */,
			);
			path = gittestTests;
			sourceTree = "<group>";
		};
		998B01CF29B1C68D00DC9D52 /* gittestUITests */ = {
			isa = PBXGroup;
			children = (
				998B01D029B1C68D00DC9D52 /* gittestUITests.m */,
				998B01D229B1C68D00DC9D52 /* gittestUITestsLaunchTests.m */,
			);
			path = gittestUITests;
			sourceTree = "<group>";
		};
/* End PBXGroup section */

/* Begin PBXNativeTarget section */
		998B01A629B1C68900DC9D52 /* gittest */ = {
			isa = PBXNativeTarget;
			buildConfigurationList = 998B01D629B1C68D00DC9D52 /* Build configuration list for PBXNativeTarget "gittest" */;
			buildPhases = (
				998B01A329B1C68900DC9D52 /* Sources */,
				998B01A429B1C68900DC9D52 /* Frameworks */,
				998B01A529B1C68900DC9D52 /* Resources */,
			);
			buildRules = (
			);
			dependencies = (
			);
			name = gittest;
			productName = gittest;
			productReference = 998B01A729B1C68900DC9D52 /* gittest.app */;
			productType = "com.apple.product-type.application";
		};
		998B01C129B1C68D00DC9D52 /* gittestTests */ = {
			isa = PBXNativeTarget;
			buildConfigurationList = 998B01D929B1C68D00DC9D52 /* Build configuration list for PBXNativeTarget "gittestTests" */;
			buildPhases = (
				998B01BE29B1C68D00DC9D52 /* Sources */,
				998B01BF29B1C68D00DC9D52 /* Frameworks */,
				998B01C029B1C68D00DC9D52 /* Resources */,
			);
			buildRules = (
			);
			dependencies = (
				998B01C429B1C68D00DC9D52 /* PBXTargetDependency */,
			);
			name = gittestTests;
			productName = gittestTests;
			productReference = 998B01C229B1C68D00DC9D52 /* gittestTests.xctest */;
			productType = "com.apple.product-type.bundle.unit-test";
		};
		998B01CB29B1C68D00DC9D52 /* gittestUITests */ = {
			isa = PBXNativeTarget;
			buildConfigurationList = 998B01DC29B1C68D00DC9D52 /* Build configuration list for PBXNativeTarget "gittestUITests" */;
			buildPhases = (
				998B01C829B1C68D00DC9D52 /* Sources */,
				998B01C929B1C68D00DC9D52 /* Frameworks */,
				998B01CA29B1C68D00DC9D52 /* Resources */,
			);
			buildRules = (
			);
			dependencies = (
				998B01CE29B1C68D00DC9D52 /* PBXTargetDependency */,
			);
			name = gittestUITests;
			productName = gittestUITests;
			productReference = 998B01CC29B1C68D00DC9D52 /* gittestUITests.xctest */;
			productType = "com.apple.product-type.bundle.ui-testing";
		};
/* End PBXNativeTarget section */

/* Begin PBXProject section */
		998B019F29B1C68900DC9D52 /* Project object */ = {
			isa = PBXProject;
			attributes = {
				BuildIndependentTargetsInParallel = 1;
				LastUpgradeCheck = 1400;
				TargetAttributes = {
					998B01A629B1C68900DC9D52 = {
						CreatedOnToolsVersion = 14.0;
					};
					998B01C129B1C68D00DC9D52 = {
						CreatedOnToolsVersion = 14.0;
						TestTargetID = 998B01A629B1C68900DC9D52;
					};
					998B01CB29B1C68D00DC9D52 = {
						CreatedOnToolsVersion = 14.0;
						TestTargetID = 998B01A629B1C68900DC9D52;
					};
				};
			};
			buildConfigurationList = 998B01A229B1C68900DC9D52 /* Build configuration list for PBXProject "gittest" */;
			compatibilityVersion = "Xcode 14.0";
			developmentRegion = en;
			hasScannedForEncodings = 0;
			knownRegions = (
				en,
				Base,
			);
			mainGroup = 998B019E29B1C68900DC9D52;
			productRefGroup = 998B01A829B1C68900DC9D52 /* Products */;
			projectDirPath = "";
			projectRoot = "";
			targets = (
				998B01A629B1C68900DC9D52 /* gittest */,
				998B01C129B1C68D00DC9D52 /* gittestTests */,
				998B01CB29B1C68D00DC9D52 /* gittestUITests */,
			);
		};
/* End PBXProject section */

/* Begin PBXResourcesBuildPhase section */
		998B01A529B1C68900DC9D52 /* Resources */ = {
			isa = PBXResourcesBuildPhase;
			buildActionMask = 2147483647;
			files = (
				998B01BA29B1C68C00DC9D52 /* LaunchScreen.storyboard in Resources */,
				998B01B729B1C68C00DC9D52 /* Assets.xcassets in Resources */,
				998B01B529B1C68900DC9D52 /* Main.storyboard in Resources */,
			);
			runOnlyForDeploymentPostprocessing = 0;
		};
		998B01C029B1C68D00DC9D52 /* Resources */ = {
			isa = PBXResourcesBuildPhase;
			buildActionMask = 2147483647;
			files = (
			);
			runOnlyForDeploymentPostprocessing = 0;
		};
		998B01CA29B1C68D00DC9D52 /* Resources */ = {
			isa = PBXResourcesBuildPhase;
			buildActionMask = 2147483647;
			files = (
			);
			runOnlyForDeploymentPostprocessing = 0;
		};
/* End PBXResourcesBuildPhase section */

/* Begin PBXSourcesBuildPhase section */
		998B01A329B1C68900DC9D52 /* Sources */ = {
			isa = PBXSourcesBuildPhase;
			buildActionMask = 2147483647;
			files = (
				998B01B229B1C68900DC9D52 /* ViewController.m in Sources */,
				998B01AC29B1C68900DC9D52 /* AppDelegate.m in Sources */,
				998B01BD29B1C68C00DC9D52 /* main.m in Sources */,
				998B01AF29B1C68900DC9D52 /* SceneDelegate.m in Sources */,
			);
			runOnlyForDeploymentPostprocessing = 0;
		};
		998B01BE29B1C68D00DC9D52 /* Sources */ = {
			isa = PBXSourcesBuildPhase;
			buildActionMask = 2147483647;
			files = (
				998B01C729B1C68D00DC9D52 /* gittestTests.m in Sources */,
			);
			runOnlyForDeploymentPostprocessing = 0;
		};
		998B01C829B1C68D00DC9D52 /* Sources */ = {
			isa = PBXSourcesBuildPhase;
			buildActionMask = 2147483647;
			files = (
				998B01D129B1C68D00DC9D52 /* gittestUITests.m in Sources */,
				998B01D329B1C68D00DC9D52 /* gittestUITestsLaunchTests.m in Sources */,
			);
			runOnlyForDeploymentPostprocessing = 0;
		};
/* End PBXSourcesBuildPhase section */

/* Begin PBXTargetDependency section */
		998B01C429B1C68D00DC9D52 /* PBXTargetDependency */ = {
			isa = PBXTargetDependency;
			target = 998B01A629B1C68900DC9D52 /* gittest */;
			targetProxy = 998B01C329B1C68D00DC9D52 /* PBXContainerItemProxy */;
		};
		998B01CE29B1C68D00DC9D52 /* PBXTargetDependency */ = {
			isa = PBXTargetDependency;
			target = 998B01A629B1C68900DC9D52 /* gittest */;
			targetProxy = 998B01CD29B1C68D00DC9D52 /* PBXContainerItemProxy */;
		};
/* End PBXTargetDependency section */

/* Begin PBXVariantGroup section */
		998B01B329B1C68900DC9D52 /* Main.storyboard */ = {
			isa = PBXVariantGroup;
			children = (
				998B01B429B1C68900DC9D52 /* Base */,
			);
			name = Main.storyboard;
			sourceTree = "<group>";
		};
		998B01B829B1C68C00DC9D52 /* LaunchScreen.storyboard */ = {
			isa = PBXVariantGroup;
			children = (
				998B01B929B1C68C00DC9D52 /* Base */,
			);
			name = LaunchScreen.storyboard;
			sourceTree = "<group>";
		};
/* End PBXVariantGroup section */

/* Begin XCBuildConfiguration section */
		998B01D429B1C68D00DC9D52 /* Debug */ = {
			isa = XCBuildConfiguration;
			buildSettings = {
				ALWAYS_SEARCH_USER_PATHS = NO;
				CLANG_ANALYZER_NONNULL = YES;
				CLANG_ANALYZER_NUMBER_OBJECT_CONVERSION = YES_AGGRESSIVE;
				CLANG_CXX_LANGUAGE_STANDARD = "gnu++20";
				CLANG_ENABLE_MODULES = YES;
				CLANG_ENABLE_OBJC_ARC = YES;
				CLANG_ENABLE_OBJC_WEAK = YES;
				CLANG_WARN_BLOCK_CAPTURE_AUTORELEASING = YES;
				CLANG_WARN_BOOL_CONVERSION = YES;
				CLANG_WARN_COMMA = YES;
				CLANG_WARN_CONSTANT_CONVERSION = YES;
				CLANG_WARN_DEPRECATED_OBJC_IMPLEMENTATIONS = YES;
				CLANG_WARN_DIRECT_OBJC_ISA_USAGE = YES_ERROR;
				CLANG_WARN_DOCUMENTATION_COMMENTS = YES;
				CLANG_WARN_EMPTY_BODY = YES;
				CLANG_WARN_ENUM_CONVERSION = YES;
				CLANG_WARN_INFINITE_RECURSION = YES;
				CLANG_WARN_INT_CONVERSION = YES;
				CLANG_WARN_NON_LITERAL_NULL_CONVERSION = YES;
				CLANG_WARN_OBJC_IMPLICIT_RETAIN_SELF = YES;
				CLANG_WARN_OBJC_LITERAL_CONVERSION = YES;
				CLANG_WARN_OBJC_ROOT_CLASS = YES_ERROR;
				CLANG_WARN_QUOTED_INCLUDE_IN_FRAMEWORK_HEADER = YES;
				CLANG_WARN_RANGE_LOOP_ANALYSIS = YES;
				CLANG_WARN_STRICT_PROTOTYPES = YES;
				CLANG_WARN_SUSPICIOUS_MOVE = YES;
				CLANG_WARN_UNGUARDED_AVAILABILITY = YES_AGGRESSIVE;
				CLANG_WARN_UNREACHABLE_CODE = YES;
				CLANG_WARN__DUPLICATE_METHOD_MATCH = YES;
				COPY_PHASE_STRIP = NO;
				DEBUG_INFORMATION_FORMAT = dwarf;
				ENABLE_STRICT_OBJC_MSGSEND = YES;
				ENABLE_TESTABILITY = YES;
				GCC_C_LANGUAGE_STANDARD = gnu11;
				GCC_DYNAMIC_NO_PIC = NO;
				GCC_NO_COMMON_BLOCKS = YES;
				GCC_OPTIMIZATION_LEVEL = 0;
				GCC_PREPROCESSOR_DEFINITIONS = (
					"DEBUG=1",
					"$(inherited)",
				);
				GCC_WARN_64_TO_32_BIT_CONVERSION = YES;
				GCC_WARN_ABOUT_RETURN_TYPE = YES_ERROR;
				GCC_WARN_UNDECLARED_SELECTOR = YES;
				GCC_WARN_UNINITIALIZED_AUTOS = YES_AGGRESSIVE;
				GCC_WARN_UNUSED_FUNCTION = YES;
				GCC_WARN_UNUSED_VARIABLE = YES;
				IPHONEOS_DEPLOYMENT_TARGET = 16.0;
				MTL_ENABLE_DEBUG_INFO = INCLUDE_SOURCE;
				MTL_FAST_MATH = YES;
				ONLY_ACTIVE_ARCH = YES;
				SDKROOT = iphoneos;
			};
			name = Debug;
		};
		998B01D529B1C68D00DC9D52 /* Release */ = {
			isa = XCBuildConfiguration;
			buildSettings = {
				ALWAYS_SEARCH_USER_PATHS = NO;
				CLANG_ANALYZER_NONNULL = YES;
				CLANG_ANALYZER_NUMBER_OBJECT_CONVERSION = YES_AGGRESSIVE;
				CLANG_CXX_LANGUAGE_STANDARD = "gnu++20";
				CLANG_ENABLE_MODULES = YES;
				CLANG_ENABLE_OBJC_ARC = YES;
				CLANG_ENABLE_OBJC_WEAK = YES;
				CLANG_WARN_BLOCK_CAPTURE_AUTORELEASING = YES;
				CLANG_WARN_BOOL_CONVERSION = YES;
				CLANG_WARN_COMMA = YES;
				CLANG_WARN_CONSTANT_CONVERSION = YES;
				CLANG_WARN_DEPRECATED_OBJC_IMPLEMENTATIONS = YES;
				CLANG_WARN_DIRECT_OBJC_ISA_USAGE = YES_ERROR;
				CLANG_WARN_DOCUMENTATION_COMMENTS = YES;
				CLANG_WARN_EMPTY_BODY = YES;
				CLANG_WARN_ENUM_CONVERSION = YES;
				CLANG_WARN_INFINITE_RECURSION = YES;
				CLANG_WARN_INT_CONVERSION = YES;
				CLANG_WARN_NON_LITERAL_NULL_CONVERSION = YES;
				CLANG_WARN_OBJC_IMPLICIT_RETAIN_SELF = YES;
				CLANG_WARN_OBJC_LITERAL_CONVERSION = YES;
				CLANG_WARN_OBJC_ROOT_CLASS = YES_ERROR;
				CLANG_WARN_QUOTED_INCLUDE_IN_FRAMEWORK_HEADER = YES;
				CLANG_WARN_RANGE_LOOP_ANALYSIS = YES;
				CLANG_WARN_STRICT_PROTOTYPES = YES;
				CLANG_WARN_SUSPICIOUS_MOVE = YES;
				CLANG_WARN_UNGUARDED_AVAILABILITY = YES_AGGRESSIVE;
				CLANG_WARN_UNREACHABLE_CODE = YES;
				CLANG_WARN__DUPLICATE_METHOD_MATCH = YES;
				COPY_PHASE_STRIP = NO;
				DEBUG_INFORMATION_FORMAT = "dwarf-with-dsym";
				ENABLE_NS_ASSERTIONS = NO;
				ENABLE_STRICT_OBJC_MSGSEND = YES;
				GCC_C_LANGUAGE_STANDARD = gnu11;
				GCC_NO_COMMON_BLOCKS = YES;
				GCC_WARN_64_TO_32_BIT_CONVERSION = YES;
				GCC_WARN_ABOUT_RETURN_TYPE = YES_ERROR;
				GCC_WARN_UNDECLARED_SELECTOR = YES;
				GCC_WARN_UNINITIALIZED_AUTOS = YES_AGGRESSIVE;
				GCC_WARN_UNUSED_FUNCTION = YES;
				GCC_WARN_UNUSED_VARIABLE = YES;
				IPHONEOS_DEPLOYMENT_TARGET = 16.0;
				MTL_ENABLE_DEBUG_INFO = NO;
				MTL_FAST_MATH = YES;
				SDKROOT = iphoneos;
				VALIDATE_PRODUCT = YES;
			};
			name = Release;
		};
		998B01D729B1C68D00DC9D52 /* Debug */ = {
			isa = XCBuildConfiguration;
			buildSettings = {
				ASSETCATALOG_COMPILER_APPICON_NAME = AppIcon;
				ASSETCATALOG_COMPILER_GLOBAL_ACCENT_COLOR_NAME = AccentColor;
				CODE_SIGN_STYLE = Automatic;
				CURRENT_PROJECT_VERSION = 1;
				DEVELOPMENT_TEAM = YE3AD4YMQ5;
				GENERATE_INFOPLIST_FILE = YES;
				INFOPLIST_FILE = gittest/Info.plist;
				INFOPLIST_KEY_UIApplicationSupportsIndirectInputEvents = YES;
				INFOPLIST_KEY_UILaunchStoryboardName = LaunchScreen;
				INFOPLIST_KEY_UIMainStoryboardFile = Main;
				INFOPLIST_KEY_UISupportedInterfaceOrientations_iPad = "UIInterfaceOrientationPortrait UIInterfaceOrientationPortraitUpsideDown UIInterfaceOrientationLandscapeLeft UIInterfaceOrientationLandscapeRight";
				INFOPLIST_KEY_UISupportedInterfaceOrientations_iPhone = "UIInterfaceOrientationPortrait UIInterfaceOrientationLandscapeLeft UIInterfaceOrientationLandscapeRight";
				LD_RUNPATH_SEARCH_PATHS = (
					"$(inherited)",
					"@executable_path/Frameworks",
				);
				MARKETING_VERSION = 1.0;
				PRODUCT_BUNDLE_IDENTIFIER = com.newyea.gitTest.gittest;
				PRODUCT_NAME = "$(TARGET_NAME)";
				SWIFT_EMIT_LOC_STRINGS = YES;
				TARGETED_DEVICE_FAMILY = "1,2";
			};
			name = Debug;
		};
		998B01D829B1C68D00DC9D52 /* Release */ = {
			isa = XCBuildConfiguration;
			buildSettings = {
				ASSETCATALOG_COMPILER_APPICON_NAME = AppIcon;
				ASSETCATALOG_COMPILER_GLOBAL_ACCENT_COLOR_NAME = AccentColor;
				CODE_SIGN_STYLE = Automatic;
				CURRENT_PROJECT_VERSION = 1;
				DEVELOPMENT_TEAM = YE3AD4YMQ5;
				GENERATE_INFOPLIST_FILE = YES;
				INFOPLIST_FILE = gittest/Info.plist;
				INFOPLIST_KEY_UIApplicationSupportsIndirectInputEvents = YES;
				INFOPLIST_KEY_UILaunchStoryboardName = LaunchScreen;
				INFOPLIST_KEY_UIMainStoryboardFile = Main;
				INFOPLIST_KEY_UISupportedInterfaceOrientations_iPad = "UIInterfaceOrientationPortrait UIInterfaceOrientationPortraitUpsideDown UIInterfaceOrientationLandscapeLeft UIInterfaceOrientationLandscapeRight";
				INFOPLIST_KEY_UISupportedInterfaceOrientations_iPhone = "UIInterfaceOrientationPortrait UIInterfaceOrientationLandscapeLeft UIInterfaceOrientationLandscapeRight";
				LD_RUNPATH_SEARCH_PATHS = (
					"$(inherited)",
					"@executable_path/Frameworks",
				);
				MARKETING_VERSION = 1.0;
				PRODUCT_BUNDLE_IDENTIFIER = com.newyea.gitTest.gittest;
				PRODUCT_NAME = "$(TARGET_NAME)";
				SWIFT_EMIT_LOC_STRINGS = YES;
				TARGETED_DEVICE_FAMILY = "1,2";
			};
			name = Release;
		};
		998B01DA29B1C68D00DC9D52 /* Debug */ = {
			isa = XCBuildConfiguration;
			buildSettings = {
				BUNDLE_LOADER = "$(TEST_HOST)";
				CODE_SIGN_STYLE = Automatic;
				CURRENT_PROJECT_VERSION = 1;
				DEVELOPMENT_TEAM = YE3AD4YMQ5;
				GENERATE_INFOPLIST_FILE = YES;
				IPHONEOS_DEPLOYMENT_TARGET = 16.0;
				MARKETING_VERSION = 1.0;
				PRODUCT_BUNDLE_IDENTIFIER = com.newyea.gitTest.gittestTests;
				PRODUCT_NAME = "$(TARGET_NAME)";
				SWIFT_EMIT_LOC_STRINGS = NO;
				TARGETED_DEVICE_FAMILY = "1,2";
				TEST_HOST = "$(BUILT_PRODUCTS_DIR)/gittest.app/$(BUNDLE_EXECUTABLE_FOLDER_PATH)/gittest";
			};
			name = Debug;
		};
		998B01DB29B1C68D00DC9D52 /* Release */ = {
			isa = XCBuildConfiguration;
			buildSettings = {
				BUNDLE_LOADER = "$(TEST_HOST)";
				CODE_SIGN_STYLE = Automatic;
				CURRENT_PROJECT_VERSION = 1;
				DEVELOPMENT_TEAM = YE3AD4YMQ5;
				GENERATE_INFOPLIST_FILE = YES;
				IPHONEOS_DEPLOYMENT_TARGET = 16.0;
				MARKETING_VERSION = 1.0;
				PRODUCT_BUNDLE_IDENTIFIER = com.newyea.gitTest.gittestTests;
				PRODUCT_NAME = "$(TARGET_NAME)";
				SWIFT_EMIT_LOC_STRINGS = NO;
				TARGETED_DEVICE_FAMILY = "1,2";
				TEST_HOST = "$(BUILT_PRODUCTS_DIR)/gittest.app/$(BUNDLE_EXECUTABLE_FOLDER_PATH)/gittest";
			};
			name = Release;
		};
		998B01DD29B1C68D00DC9D52 /* Debug */ = {
			isa = XCBuildConfiguration;
			buildSettings = {
				CODE_SIGN_STYLE = Automatic;
				CURRENT_PROJECT_VERSION = 1;
				DEVELOPMENT_TEAM = YE3AD4YMQ5;
				GENERATE_INFOPLIST_FILE = YES;
				MARKETING_VERSION = 1.0;
				PRODUCT_BUNDLE_IDENTIFIER = com.newyea.gitTest.gittestUITests;
				PRODUCT_NAME = "$(TARGET_NAME)";
				SWIFT_EMIT_LOC_STRINGS = NO;
				TARGETED_DEVICE_FAMILY = "1,2";
				TEST_TARGET_NAME = gittest;
			};
			name = Debug;
		};
		998B01DE29B1C68D00DC9D52 /* Release */ = {
			isa = XCBuildConfiguration;
			buildSettings = {
				CODE_SIGN_STYLE = Automatic;
				CURRENT_PROJECT_VERSION = 1;
				DEVELOPMENT_TEAM = YE3AD4YMQ5;
				GENERATE_INFOPLIST_FILE = YES;
				MARKETING_VERSION = 1.0;
				PRODUCT_BUNDLE_IDENTIFIER = com.newyea.gitTest.gittestUITests;
				PRODUCT_NAME = "$(TARGET_NAME)";
				SWIFT_EMIT_LOC_STRINGS = NO;
				TARGETED_DEVICE_FAMILY = "1,2";
				TEST_TARGET_NAME = gittest;
			};
			name = Release;
		};
/* End XCBuildConfiguration section */

/* Begin XCConfigurationList section */
		998B01A229B1C68900DC9D52 /* Build configuration list for PBXProject "gittest" */ = {
			isa = XCConfigurationList;
			buildConfigurations = (
				998B01D429B1C68D00DC9D52 /* Debug */,
				998B01D529B1C68D00DC9D52 /* Release */,
			);
			defaultConfigurationIsVisible = 0;
			defaultConfigurationName = Release;
		};
		998B01D629B1C68D00DC9D52 /* Build configuration list for PBXNativeTarget "gittest" */ = {
			isa = XCConfigurationList;
			buildConfigurations = (
				998B01D729B1C68D00DC9D52 /* Debug */,
				998B01D829B1C68D00DC9D52 /* Release */,
			);
			defaultConfigurationIsVisible = 0;
			defaultConfigurationName = Release;
		};
		998B01D929B1C68D00DC9D52 /* Build configuration list for PBXNativeTarget "gittestTests" */ = {
			isa = XCConfigurationList;
			buildConfigurations = (
				998B01DA29B1C68D00DC9D52 /* Debug */,
				998B01DB29B1C68D00DC9D52 /* Release */,
			);
			defaultConfigurationIsVisible = 0;
			defaultConfigurationName = Release;
		};
		998B01DC29B1C68D00DC9D52 /* Build configuration list for PBXNativeTarget "gittestUITests" */ = {
			isa = XCConfigurationList;
			buildConfigurations = (
				998B01DD29B1C68D00DC9D52 /* Debug */,
				998B01DE29B1C68D00DC9D52 /* Release */,
			);
			defaultConfigurationIsVisible = 0;
			defaultConfigurationName = Release;
		};
/* End XCConfigurationList section */
	};
	rootObject = 998B019F29B1C68900DC9D52 /* Project object */;
}
